{
  "version": "3",
  "redirects": {
    "https://esm.sh/v128/@types/react@~18.3/jsx-runtime~.d.ts": "https://esm.sh/v128/@types/react@18.2.38/jsx-runtime~.d.ts"
  },
  "remote": {
    "https://esm.sh/stable/react@18.3.1/denonext/jsx-runtime.js": "5ff1e02a3bb5c69dd3535d77054b182f1ea51c5eeaf24a396984f6b7012c2716",
    "https://esm.sh/stable/react@18.3.1/denonext/react.mjs": "fc048ffc55366baf7669519127d186761db72046e2bebf35fe8d0de3964defa3",
    "https://esm.sh/v135/react@18.3.1/jsx-runtime": "f47f11639cc0531ad2f1e0f6334d9ae7a8d906c905d9b79cb2e8cd4331bc5b10"
  },
  "workspace": {
    "dependencies": [
      "jsr:@deno/emit@^0.45.0",
      "jsr:@std/assert@^1.0.3",
      "jsr:@std/encoding@^1.0.3",
      "jsr:@std/path@^1.0.3"
    ]
  }
}
