{
  "version": "5",
  "specifiers": {
    "jsr:@deno/cache-dir@0.13.2": "0.13.2",
    "jsr:@deno/emit@0.46": "0.46.0",
    "jsr:@deno/graph@~0.73.1": "0.73.1",
    "jsr:@std/assert@0.223": "0.223.0",
    "jsr:@std/assert@^1.0.3": "1.0.13",
    "jsr:@std/bytes@0.223": "0.223.0",
    "jsr:@std/encoding@^1.0.3": "1.0.10",
    "jsr:@std/fmt@0.223": "0.223.0",
    "jsr:@std/fs@0.223": "0.223.0",
    "jsr:@std/internal@^1.0.6": "1.0.10",
    "jsr:@std/internal@^1.0.9": "1.0.10",
    "jsr:@std/io@0.223": "0.223.0",
    "jsr:@std/path@0.223": "0.223.0",
    "jsr:@std/path@^1.0.3": "1.1.1"
  },
  "jsr": {
    "@deno/cache-dir@0.13.2": {
      "integrity": "c22419dfe27ab85f345bee487aaaadba498b005cce3644e9d2528db035c5454d",
      "dependencies": [
        "jsr:@deno/graph",
        "jsr:@std/fmt",
        "jsr:@std/fs",
        "jsr:@std/io",
        "jsr:@std/path@0.223"
      ]
    },
    "@deno/emit@0.46.0": {
      "integrity": "e276be2c77bac1b93caf775762e2a49a54cb00da2d48ca2b01ed8d7cba9d082c",
      "dependencies": [
        "jsr:@deno/cache-dir",
        "jsr:@std/path@0.223"
      ]
    },
    "@deno/graph@0.73.1": {
      "integrity": "cd69639d2709d479037d5ce191a422eabe8d71bb68b0098344f6b07411c84d41"
    },
    "@std/assert@0.223.0": {
      "integrity": "eb8d6d879d76e1cc431205bd346ed4d88dc051c6366365b1af47034b0670be24"
    },
    "@std/assert@1.0.13": {
      "integrity": "ae0d31e41919b12c656c742b22522c32fb26ed0cba32975cb0de2a273cb68b29",
      "dependencies": [
        "jsr:@std/internal@^1.0.6"
      ]
    },
    "@std/bytes@0.223.0": {
      "integrity": "84b75052cd8680942c397c2631318772b295019098f40aac5c36cead4cba51a8"
    },
    "@std/encoding@1.0.10": {
      "integrity": "8783c6384a2d13abd5e9e87a7ae0520a30e9f56aeeaa3bdf910a3eaaf5c811a1"
    },
    "@std/fmt@0.223.0": {
      "integrity": "6deb37794127dfc7d7bded2586b9fc6f5d50e62a8134846608baf71ffc1a5208"
    },
    "@std/fs@0.223.0": {
      "integrity": "3b4b0550b2c524cbaaa5a9170c90e96cbb7354e837ad1bdaf15fc9df1ae9c31c"
    },
    "@std/internal@1.0.10": {
      "integrity": "e3be62ce42cab0e177c27698e5d9800122f67b766a0bea6ca4867886cbde8cf7"
    },
    "@std/io@0.223.0": {
      "integrity": "2d8c3c2ab3a515619b90da2c6ff5ea7b75a94383259ef4d02116b228393f84f1",
      "dependencies": [
        "jsr:@std/assert@0.223",
        "jsr:@std/bytes"
      ]
    },
    "@std/path@0.223.0": {
      "integrity": "593963402d7e6597f5a6e620931661053572c982fc014000459edc1f93cc3989",
      "dependencies": [
        "jsr:@std/assert@0.223"
      ]
    },
    "@std/path@1.1.1": {
      "integrity": "fe00026bd3a7e6a27f73709b83c607798be40e20c81dde655ce34052fd82ec76",
      "dependencies": [
        "jsr:@std/internal@^1.0.9"
      ]
    }
  },
  "redirects": {
    "https://esm.sh/@types/react-dom@~19.0.3/client.d.ts": "https://esm.sh/@types/react-dom@19.0.6/client.d.ts",
    "https://esm.sh/@types/react@~19.0.7/index.d.ts": "https://esm.sh/@types/react@19.0.14/index.d.ts",
    "https://esm.sh/@types/react@~19.0.7/jsx-runtime.d.ts": "https://esm.sh/@types/react@19.0.14/jsx-runtime.d.ts",
    "https://esm.sh/@types/scheduler@~0.23.0/index.d.ts": "https://esm.sh/@types/scheduler@0.23.0/index.d.ts",
    "https://esm.sh/fast-deep-equal@^3.1.3?target=denonext": "https://esm.sh/fast-deep-equal@3.1.3?target=denonext",
    "https://esm.sh/fast-uri@^3.0.1?target=denonext": "https://esm.sh/fast-uri@3.0.6?target=denonext",
    "https://esm.sh/json-schema-traverse@^1.0.0?target=denonext": "https://esm.sh/json-schema-traverse@1.0.0?target=denonext"
  },
  "remote": {
    "https://esm.sh/@types/react@19.0.14/jsx-runtime": "fabf6997a3adf11e45d11e3c4d58d0634ab98f9d72f3116f3694123818ccd457",
    "https://esm.sh/ajv@8.17.1": "a04e4f86e082abdcbf765a7f54d9aa96f77e27ef5553254b5b049c7e6c489435",
    "https://esm.sh/ajv@8.17.1/denonext/ajv.mjs": "93640b28521b7fca32e34a3534343176c06dd65bdd6ca6a14ec97562f278e949",
    "https://esm.sh/fast-deep-equal@3.1.3/denonext/fast-deep-equal.mjs": "66e5d717af5e6a08366cc6aa421af1838a773895070bfee46c45102adf7ddc5f",
    "https://esm.sh/fast-deep-equal@3.1.3?target=denonext": "2d47696bbd2c43a836e333ae5035542a56eb76e4fd728204c75eaaeea86c3b5c",
    "https://esm.sh/fast-uri@3.0.6/denonext/fast-uri.mjs": "ac0e9bda651d725f8fd8605dc61dbf7a70b6d1ff69caf117dca503ab2d1e0fa4",
    "https://esm.sh/fast-uri@3.0.6?target=denonext": "7559f8685f8098c63fa5f637561f5b653ee8363f3abde114a3897383bf73c49e",
    "https://esm.sh/fflate@0.8.2": "e0cdd268850b4eac9ef9f188a3b4c5c9dd3ebd0f66c4006a13911b2a0c0512bb",
    "https://esm.sh/fflate@0.8.2/denonext/fflate.mjs": "51759ec52e8522bbcd6dce941956a878c733975dcc159618c683c659270a59d3",
    "https://esm.sh/json-schema-traverse@1.0.0/denonext/json-schema-traverse.mjs": "4cd3fc9a056d4498d24e4862b19aa93f72f4f7785a00573b0c579576faa1783b",
    "https://esm.sh/json-schema-traverse@1.0.0?target=denonext": "3e60200c0d28b5e081db526a78c7911c094fd64c92484ebe050becb8f69788bb",
    "https://esm.sh/pretty-bytes@6.1.1": "8baebceaf88a283ad6c4add62212da36f3fb54289b704fd210b2d6a5db12f707",
    "https://esm.sh/pretty-bytes@6.1.1/denonext/pretty-bytes.mjs": "470b8396a57262a3206a51183b5b073e219efd011e2f607a888338dbed61d780",
    "https://esm.sh/react-dom@19.0.0/client?target=es2022": "b326278217e074acc857a68d9bad82ee467c41400d1464829e5aa081467c63bf",
    "https://esm.sh/react-dom@19.0.0/es2022/client.mjs": "35dca24b88e50ff876e963ccbaec2cef1c41150ef8d9f00984ceb9b7089f3b70",
    "https://esm.sh/react-dom@19.0.0/es2022/react-dom.mjs": "5ce0cb1ee69fdd88cabf8576ad389881e5db96365c9025702b438b2d7863cc0c",
    "https://esm.sh/react@19.0.0/es2022/jsx-runtime.mjs": "643b749fa9666fbf73619a99fd708722edb4acaa34c8cea7be783a3432367780",
    "https://esm.sh/react@19.0.0/es2022/react.mjs": "92b896580737b8b2d75b0a84a92fd2b4f3a62e692d96be1994a5185050db289d",
    "https://esm.sh/react@19.0.0?target=es2022": "b2d09997656003a0c3066d95bcf66a7bd0ac68333e66678655e983465e649145",
    "https://esm.sh/react@19.0.0?target=es2022/jsx-runtime": "9c0e93410782b9cb51eb0532f6c1bd9157bd188bfe000387619462a716a4e605",
    "https://esm.sh/scheduler@0.25.0/es2022/scheduler.mjs": "50687edf9e0034b6db97303b1b16893b59c5833c21ea8cf913dc380b537f6aaf",
    "https://esm.sh/scheduler@^0.25.0?target=es2022": "4a900fbc45073d3bc2d0e2bc39b3bfa6b52289b6725a594181c97e0a10053e78"
  },
  "workspace": {
    "dependencies": [
      "jsr:@deno/emit@0.46",
      "jsr:@std/assert@^1.0.3",
      "jsr:@std/encoding@^1.0.3",
      "jsr:@std/path@^1.0.3"
    ]
  }
}
