{
  "nodes": {
    "nixpkgs": {
      "locked": {
        "lastModified": 1743231893,
        "narHash": "sha256-tpJsHMUPEhEnzySoQxx7+kA+KUtgWqvlcUBqROYNNt0=",
        "owner": "NixOS",
        "repo": "nixpkgs",
        "rev": "c570c1f5304493cafe133b8d843c7c1c4a10d3a6",
        "type": "github"
      },
      "original": {
        "owner": "NixOS",
        "ref": "nixos-24.11",
        "repo": "nixpkgs",
        "type": "github"
      }
    },
    "root": {
      "inputs": {
        "nixpkgs": "nixpkgs",
        "selfup": "selfup"
      }
    },
    "selfup": {
      "inputs": {
        "nixpkgs": [
          "nixpkgs"
        ]
      },
      "locked": {
        "lastModified": 1732585313,
        "narHash": "sha256-V8XQ65K8zdIfwync6wrJ9h47YqdPi91jfH9tNgDQiWI=",
        "owner": "kachick",
        "repo": "selfup",
        "rev": "6955f98516ff63b945b445ecaeb3b5a4849be4cc",
        "type": "github"
      },
      "original": {
        "owner": "kachick",
        "ref": "v1.1.7",
        "repo": "selfup",
        "type": "github"
      }
    }
  },
  "root": "root",
  "version": 7
}
