{
  "nodes": {
    "nixpkgs": {
      "locked": {
        "lastModified": 1736867362,
        "narHash": "sha256-i/UJ5I7HoqmFMwZEH6vAvBxOrjjOJNU739lnZnhUln8=",
        "owner": "NixOS",
        "repo": "nixpkgs",
        "rev": "9c6b49aeac36e2ed73a8c472f1546f6d9cf1addc",
        "type": "github"
      },
      "original": {
        "owner": "NixOS",
        "ref": "nixos-24.11",
        "repo": "nixpkgs",
        "type": "github"
      }
    },
    "root": {
      "inputs": {
        "nixpkgs": "nixpkgs",
        "selfup": "selfup"
      }
    },
    "selfup": {
      "inputs": {
        "nixpkgs": [
          "nixpkgs"
        ]
      },
      "locked": {
        "lastModified": 1732585313,
        "narHash": "sha256-V8XQ65K8zdIfwync6wrJ9h47YqdPi91jfH9tNgDQiWI=",
        "owner": "kachick",
        "repo": "selfup",
        "rev": "6955f98516ff63b945b445ecaeb3b5a4849be4cc",
        "type": "github"
      },
      "original": {
        "owner": "kachick",
        "ref": "v1.1.7",
        "repo": "selfup",
        "type": "github"
      }
    }
  },
  "root": "root",
  "version": 7
}
